schema = "reprobuild.solved-graph-lock.v2"

[lock]
platform = "amd64-linux"
optimal = false
inputs_digest = "fnv1a64:bf0cfce4f062a679"
variants = []
packages = [{ name = "cargo", version = "1.85.0", source = "cargo" }, { name = "gcc", version = "12.0.0", source = "gcc" }, { name = "isonim", version = "0.1.0", source = "isonim" }, { name = "isonim-render-serve", version = "1.0.0", source = "isonim-render-serve" }, { name = "isonim_gpui", version = "0.1.0", source = "isonim_gpui" }, { name = "isonim_render_serve", version = "0.1.0", source = "isonim_render_serve" }, { name = "nim", version = "2.0.0", source = "nim" }, { name = "nim-acp", version = "1.0.0", source = "nim-acp" }, { name = "nim-agent-harbor", version = "1.0.0", source = "nim-agent-harbor" }, { name = "nim-agents", version = "1.0.0", source = "nim-agents" }, { name = "nim-everywhere", version = "1.0.0", source = "nim-everywhere" }, { name = "nim_acp", version = "0.1.0", source = "nim_acp" }, { name = "nim_agent_harbor", version = "0.1.0", source = "nim_agent_harbor" }, { name = "nim_agents", version = "0.1.0", source = "nim_agents" }, { name = "nim_everywhere", version = "0.1.0", source = "nim_everywhere" }]
deps = [{ name = "isonim", path = "../isonim", coord_kind = "vcs", url = "https://github.com/metacraft-labs/isonim", ref = "mcr-stege0-and-fixes", revision = "3fa8fbe52b082067c7d40233bbd1b13901016362", integrity = "git-sha1:3fa8fbe52b082067c7d40233bbd1b13901016362", version = "", visibility = "public", participation = "", depends = "", groups = "" }, { name = "isonim-gpui", path = ".", coord_kind = "vcs", url = "https://github.com/metacraft-labs/isonim-gpui", ref = "mcr-stege0-and-fixes", revision = "48fd136163e0a66b1c6acfdc290ca980dc84d9de", integrity = "git-sha1:48fd136163e0a66b1c6acfdc290ca980dc84d9de", version = "", visibility = "public", participation = "", depends = "isonim,nim-everywhere", groups = "" }, { name = "nim-everywhere", path = "../nim-everywhere", coord_kind = "vcs", url = "https://github.com/metacraft-labs/nim-everywhere", ref = "mcr-stege0-and-fixes", revision = "015a410ebd4257b0b0e5772a0a94e446a505f9b7", integrity = "git-sha1:015a410ebd4257b0b0e5772a0a94e446a505f9b7", version = "", visibility = "public", participation = "", depends = "", groups = "" }]
