schema = "reprobuild.solved-graph-lock.v2"

[lock]
platform = "amd64-linux"
optimal = false
inputs_digest = "fnv1a64:8d749bb311b18e06"
variants = []
packages = [{ name = "cargo", version = "1.85.0", source = "cargo", selection = "selected" }, { name = "gcc", version = "12.0.0", source = "gcc", selection = "selected" }, { name = "isonim", version = "0.1.0", source = "isonim", selection = "selected" }, { name = "isonim-cocoa", version = "1.0.0", source = "isonim-cocoa", selection = "selected" }, { name = "isonim-freya", version = "1.0.0", source = "isonim-freya", selection = "selected" }, { name = "isonim-gpui", version = "1.0.0", source = "isonim-gpui", selection = "selected" }, { name = "isonim-render-serve", version = "1.0.0", source = "isonim-render-serve", selection = "selected" }, { name = "isonim_cocoa", version = "0.1.0", source = "isonim_cocoa", selection = "selected" }, { name = "isonim_freya", version = "0.1.0", source = "isonim_freya", selection = "selected" }, { name = "isonim_gpui", version = "0.1.0", source = "isonim_gpui", selection = "selected" }, { name = "isonim_render_serve", version = "0.1.0", source = "isonim_render_serve", selection = "selected" }, { name = "nim", version = "2.0.0", source = "nim", selection = "selected" }, { name = "nim-acp", version = "1.0.0", source = "nim-acp", selection = "selected" }, { name = "nim-agent-harbor", version = "1.0.0", source = "nim-agent-harbor", selection = "selected" }, { name = "nim-agents", version = "1.0.0", source = "nim-agents", selection = "selected" }, { name = "nim-everywhere", version = "1.0.0", source = "nim-everywhere", selection = "selected" }, { name = "nim_acp", version = "0.1.0", source = "nim_acp", selection = "selected" }, { name = "nim_agent_harbor", version = "0.1.0", source = "nim_agent_harbor", selection = "selected" }, { name = "nim_agents", version = "0.1.0", source = "nim_agents", selection = "selected" }, { name = "nim_everywhere", version = "0.1.0", source = "nim_everywhere", selection = "selected" }, { name = "node", version = "20.0.0", source = "node", selection = "selected" }]
deps = [{ name = "isonim", path = "../isonim", coord_kind = "vcs", url = "https://github.com/metacraft-labs/isonim", ref = "dev", revision = "d357bc2913d9e575b12242a2805a7e4e3cf5ec88", integrity = "git-sha1:d357bc2913d9e575b12242a2805a7e4e3cf5ec88", version = "", visibility = "public", participation = "", depends = "", tags = "" }, { name = "isonim-cocoa", path = "../isonim-cocoa", coord_kind = "vcs", url = "https://github.com/metacraft-labs/isonim-cocoa", ref = "dev", revision = "137a17f6f97bda72494b843ba1cb3a422b80d395", integrity = "git-sha1:137a17f6f97bda72494b843ba1cb3a422b80d395", version = "", visibility = "public", participation = "", depends = "", tags = "" }, { name = "isonim-freya", path = "../isonim-freya", coord_kind = "vcs", url = "https://github.com/metacraft-labs/isonim-freya", ref = "dev", revision = "44b02d8f6b26d53f4dcbb752fd3b2b2d782322f0", integrity = "git-sha1:44b02d8f6b26d53f4dcbb752fd3b2b2d782322f0", version = "", visibility = "public", participation = "", depends = "", tags = "" }, { name = "isonim-gpui", path = ".", coord_kind = "vcs", url = "https://github.com/metacraft-labs/isonim-gpui", ref = "dev", revision = "cca610c6a4d58848d6838eaf86a74aa6f6bf9893", integrity = "git-sha1:cca610c6a4d58848d6838eaf86a74aa6f6bf9893", version = "", visibility = "public", participation = "", depends = "isonim,nim-everywhere,isonim-render-serve,nim-acp,nim-agents,nim-agent-harbor,isonim-gpui,isonim-freya,isonim-cocoa", tags = "" }, { name = "isonim-gpui", path = ".", coord_kind = "vcs", url = "https://github.com/metacraft-labs/isonim-gpui", ref = "dev", revision = "cca610c6a4d58848d6838eaf86a74aa6f6bf9893", integrity = "git-sha1:cca610c6a4d58848d6838eaf86a74aa6f6bf9893", version = "", visibility = "public", participation = "", depends = "", tags = "" }, { name = "isonim-render-serve", path = "../isonim-render-serve", coord_kind = "vcs", url = "https://github.com/metacraft-labs/isonim-render-serve", ref = "dev", revision = "5c106f5fd6507fc2a7244ea990a579db1473b3bb", integrity = "git-sha1:5c106f5fd6507fc2a7244ea990a579db1473b3bb", version = "", visibility = "public", participation = "", depends = "", tags = "" }, { name = "nim-acp", path = "../nim-acp", coord_kind = "vcs", url = "https://github.com/metacraft-labs/nim-acp", ref = "dev", revision = "0d3ff2e9c3c1e5a3a14e036fa8a16b1e62d9c79f", integrity = "git-sha1:0d3ff2e9c3c1e5a3a14e036fa8a16b1e62d9c79f", version = "", visibility = "public", participation = "", depends = "", tags = "" }, { name = "nim-agent-harbor", path = "../nim-agent-harbor", coord_kind = "vcs", url = "https://github.com/metacraft-labs/nim-agent-harbor", ref = "dev", revision = "9f5f501bb83748f6046786a09b50a128c17dca0f", integrity = "git-sha1:9f5f501bb83748f6046786a09b50a128c17dca0f", version = "", visibility = "public", participation = "", depends = "", tags = "" }, { name = "nim-agents", path = "../nim-agents", coord_kind = "vcs", url = "https://github.com/metacraft-labs/nim-agents", ref = "dev", revision = "ccdefe2294b368536023cff0546d2ff7fad8703c", integrity = "git-sha1:ccdefe2294b368536023cff0546d2ff7fad8703c", version = "", visibility = "public", participation = "", depends = "", tags = "" }, { name = "nim-everywhere", path = "../nim-everywhere", coord_kind = "vcs", url = "https://github.com/metacraft-labs/nim-everywhere", ref = "dev", revision = "bb8c8d7aa9f036d7ce1b353b7a4140cf95134f9c", integrity = "git-sha1:bb8c8d7aa9f036d7ce1b353b7a4140cf95134f9c", version = "", visibility = "public", participation = "", depends = "", tags = "" }]
